
Microsoft Visual Studio Solution File, Format Version 12.00
# Visual Studio Version 17
VisualStudioVersion = 17.5.33530.505
MinimumVisualStudioVersion = 10.0.40219.1
Project("{8BC9CEB8-8B4A-11D0-8D11-00A0C91BC942}") = "lab2", "lab2.vcxproj", "{E27B00D4-16D7-4A77-B51A-46B910D36123}"
EndProject
Project("{8BC9CEB8-8B4A-11D0-8D11-00A0C91BC942}") = "lab2_test", "..\lab2_test\lab2_test.vcxproj", "{07BF5AA4-23ED-4887-9FAC-D63157AAB118}"
EndProject
Global
	GlobalSection(SolutionConfigurationPlatforms) = preSolution
		Debug|x64 = Debug|x64
		Debug|x86 = Debug|x86
		Release|x64 = Release|x64
		Release|x86 = Release|x86
	EndGlobalSection
	GlobalSection(ProjectConfigurationPlatforms) = postSolution
		{E27B00D4-16D7-4A77-B51A-46B910D36123}.Debug|x64.ActiveCfg = Debug|x64
		{E27B00D4-16D7-4A77-B51A-46B910D36123}.Debug|x64.Build.0 = Debug|x64
		{E27B00D4-16D7-4A77-B51A-46B910D36123}.Debug|x86.ActiveCfg = Debug|Win32
		{E27B00D4-16D7-4A77-B51A-46B910D36123}.Debug|x86.Build.0 = Debug|Win32
		{E27B00D4-16D7-4A77-B51A-46B910D36123}.Release|x64.ActiveCfg = Release|x64
		{E27B00D4-16D7-4A77-B51A-46B910D36123}.Release|x64.Build.0 = Release|x64
		{E27B00D4-16D7-4A77-B51A-46B910D36123}.Release|x86.ActiveCfg = Release|Win32
		{E27B00D4-16D7-4A77-B51A-46B910D36123}.Release|x86.Build.0 = Release|Win32
		{07BF5AA4-23ED-4887-9FAC-D63157AAB118}.Debug|x64.ActiveCfg = Debug|x64
		{07BF5AA4-23ED-4887-9FAC-D63157AAB118}.Debug|x64.Build.0 = Debug|x64
		{07BF5AA4-23ED-4887-9FAC-D63157AAB118}.Debug|x86.ActiveCfg = Debug|Win32
		{07BF5AA4-23ED-4887-9FAC-D63157AAB118}.Debug|x86.Build.0 = Debug|Win32
		{07BF5AA4-23ED-4887-9FAC-D63157AAB118}.Release|x64.ActiveCfg = Release|x64
		{07BF5AA4-23ED-4887-9FAC-D63157AAB118}.Release|x64.Build.0 = Release|x64
		{07BF5AA4-23ED-4887-9FAC-D63157AAB118}.Release|x86.ActiveCfg = Release|Win32
		{07BF5AA4-23ED-4887-9FAC-D63157AAB118}.Release|x86.Build.0 = Release|Win32
	EndGlobalSection
	GlobalSection(SolutionProperties) = preSolution
		HideSolutionNode = FALSE
	EndGlobalSection
	GlobalSection(ExtensibilityGlobals) = postSolution
		SolutionGuid = {D17BA985-A6E6-4337-AD62-062964E03EE2}
	EndGlobalSection
EndGlobal
